
Microsoft Visual Studio Solution File, Format Version 12.00
# Visual Studio Version 17
VisualStudioVersion = 17.9.34728.123
MinimumVisualStudioVersion = 10.0.40219.1
Project("{FAE04EC0-301F-11D3-BF4B-00C04F79EFBC}") = "PiecesOnAGrid.UI", "PiecesOnAGrid.UI\PiecesOnAGrid.UI.csproj", "{C4EE1B62-5D0F-4686-8C0A-E7F5C38CCE18}"
EndProject
Project("{FAE04EC0-301F-11D3-BF4B-00C04F79EFBC}") = "PiecesOnAGrid.Services", "PiecesOnAGrid.Services\PiecesOnAGrid.Services.csproj", "{297003BA-9DDF-49EC-92A2-1BCBD314435B}"
EndProject
Project("{FAE04EC0-301F-11D3-BF4B-00C04F79EFBC}") = "PiecesOnAGrid.Domain", "PiecesOnAGrid.Domain\PiecesOnAGrid.Domain.csproj", "{B3F5A751-1D5C-464B-A443-FEA1B394C9F2}"
EndProject
Project("{FAE04EC0-301F-11D3-BF4B-00C04F79EFBC}") = "PiecesOnAGrid.Tests", "PiecesOnAGrid.Tests\PiecesOnAGrid.Tests.csproj", "{9A6FD49E-EC0F-43E7-B9CE-4A1C3ACD3A6C}"
EndProject
Global
	GlobalSection(SolutionConfigurationPlatforms) = preSolution
		Debug|Any CPU = Debug|Any CPU
		Release|Any CPU = Release|Any CPU
	EndGlobalSection
	GlobalSection(ProjectConfigurationPlatforms) = postSolution
		{C4EE1B62-5D0F-4686-8C0A-E7F5C38CCE18}.Debug|Any CPU.ActiveCfg = Debug|Any CPU
		{C4EE1B62-5D0F-4686-8C0A-E7F5C38CCE18}.Debug|Any CPU.Build.0 = Debug|Any CPU
		{C4EE1B62-5D0F-4686-8C0A-E7F5C38CCE18}.Release|Any CPU.ActiveCfg = Release|Any CPU
		{C4EE1B62-5D0F-4686-8C0A-E7F5C38CCE18}.Release|Any CPU.Build.0 = Release|Any CPU
		{297003BA-9DDF-49EC-92A2-1BCBD314435B}.Debug|Any CPU.ActiveCfg = Debug|Any CPU
		{297003BA-9DDF-49EC-92A2-1BCBD314435B}.Debug|Any CPU.Build.0 = Debug|Any CPU
		{297003BA-9DDF-49EC-92A2-1BCBD314435B}.Release|Any CPU.ActiveCfg = Release|Any CPU
		{297003BA-9DDF-49EC-92A2-1BCBD314435B}.Release|Any CPU.Build.0 = Release|Any CPU
		{B3F5A751-1D5C-464B-A443-FEA1B394C9F2}.Debug|Any CPU.ActiveCfg = Debug|Any CPU
		{B3F5A751-1D5C-464B-A443-FEA1B394C9F2}.Debug|Any CPU.Build.0 = Debug|Any CPU
		{B3F5A751-1D5C-464B-A443-FEA1B394C9F2}.Release|Any CPU.ActiveCfg = Release|Any CPU
		{B3F5A751-1D5C-464B-A443-FEA1B394C9F2}.Release|Any CPU.Build.0 = Release|Any CPU
		{9A6FD49E-EC0F-43E7-B9CE-4A1C3ACD3A6C}.Debug|Any CPU.ActiveCfg = Debug|Any CPU
		{9A6FD49E-EC0F-43E7-B9CE-4A1C3ACD3A6C}.Debug|Any CPU.Build.0 = Debug|Any CPU
		{9A6FD49E-EC0F-43E7-B9CE-4A1C3ACD3A6C}.Release|Any CPU.ActiveCfg = Release|Any CPU
		{9A6FD49E-EC0F-43E7-B9CE-4A1C3ACD3A6C}.Release|Any CPU.Build.0 = Release|Any CPU
	EndGlobalSection
	GlobalSection(SolutionProperties) = preSolution
		HideSolutionNode = FALSE
	EndGlobalSection
	GlobalSection(ExtensibilityGlobals) = postSolution
		SolutionGuid = {199DE6F4-1A53-4647-B683-A1B9C62342E6}
	EndGlobalSection
EndGlobal
